
Microsoft Visual Studio Solution File, Format Version 12.00
# Visual Studio Version 17
VisualStudioVersion = 17.4.33122.133
MinimumVisualStudioVersion = 10.0.40219.1
Project("{9A19103F-16F7-4668-BE54-9A1E7A4F7556}") = "QuestionMark", "QuestionMark\QuestionMark.csproj", "{1473C63C-E73E-48BB-A92E-3288C453C805}"
EndProject
Project("{9A19103F-16F7-4668-BE54-9A1E7A4F7556}") = "SwitchCaseCSharp", "SwitchCaseCSharp\SwitchCaseCSharp.csproj", "{5C6A5D3F-17D2-4384-95BD-2EE85FF19E1E}"
EndProject
Project("{9A19103F-16F7-4668-BE54-9A1E7A4F7556}") = "ForeachWhile", "ForeachWhile\ForeachWhile.csproj", "{E59C3A1C-F3EF-4135-81B1-51D059001E02}"
EndProject
Project("{9A19103F-16F7-4668-BE54-9A1E7A4F7556}") = "RefOut", "RefOut\RefOut.csproj", "{A193975A-322B-4A0F-BC90-BC9ED278F2EA}"
EndProject
Project("{9A19103F-16F7-4668-BE54-9A1E7A4F7556}") = "TestBai", "TestBai\TestBai.csproj", "{5F61216B-B3DC-4CE4-B6C1-773E72DDF7C0}"
EndProject
Project("{9A19103F-16F7-4668-BE54-9A1E7A4F7556}") = "TestBai2", "TestBai2\TestBai2.csproj", "{2DD2B170-CBF9-4259-8288-3CD07E9F723F}"
EndProject
Project("{9A19103F-16F7-4668-BE54-9A1E7A4F7556}") = "Student", "Student\Student.csproj", "{48125457-6D92-444C-A47E-C3E8A3F9058F}"
EndProject
Project("{9A19103F-16F7-4668-BE54-9A1E7A4F7556}") = "RegexTry", "Regex\RegexTry.csproj", "{AA55780C-10FF-43FF-8073-F69A6ED5EDD8}"
EndProject
Project("{FAE04EC0-301F-11D3-BF4B-00C04F79EFBC}") = "PatialClass", "PatialClass\PatialClass.csproj", "{DB60EC93-2CE3-4371-83E4-75CCD2898551}"
EndProject
Project("{FAE04EC0-301F-11D3-BF4B-00C04F79EFBC}") = "ArgumentAndParams", "ArgumentAndParams\ArgumentAndParams.csproj", "{35DCABD9-F4A2-4B06-9020-3B949FF9CD04}"
EndProject
Project("{FAE04EC0-301F-11D3-BF4B-00C04F79EFBC}") = "OOPAbtraction", "OOPAbtraction\OOPAbtraction.csproj", "{E62FD05D-9184-425F-8B7E-B83DBE02AE69}"
EndProject
Project("{FAE04EC0-301F-11D3-BF4B-00C04F79EFBC}") = "OOPEncapsulation", "OOPEncapsulation\OOPEncapsulation.csproj", "{71CC9D32-1FD9-46D3-A2C6-FA2CA9FB44E5}"
EndProject
Project("{FAE04EC0-301F-11D3-BF4B-00C04F79EFBC}") = "OOPEncapsulationCont", "OOPEncapsulationCont\OOPEncapsulationCont.csproj", "{E80C4811-A11E-443E-97E5-720910161CBC}"
EndProject
Project("{FAE04EC0-301F-11D3-BF4B-00C04F79EFBC}") = "Lamlai", "lamlai\Lamlai.csproj", "{69C675F8-E9E8-4684-A226-6E1E13D26F82}"
EndProject
Project("{FAE04EC0-301F-11D3-BF4B-00C04F79EFBC}") = "Baitap", "Baitap\Baitap.csproj", "{77D578C3-5972-49FB-A91F-6B10E6BFC06B}"
EndProject
Global
	GlobalSection(SolutionConfigurationPlatforms) = preSolution
		Debug|Any CPU = Debug|Any CPU
		Release|Any CPU = Release|Any CPU
	EndGlobalSection
	GlobalSection(ProjectConfigurationPlatforms) = postSolution
		{1473C63C-E73E-48BB-A92E-3288C453C805}.Debug|Any CPU.ActiveCfg = Debug|Any CPU
		{1473C63C-E73E-48BB-A92E-3288C453C805}.Debug|Any CPU.Build.0 = Debug|Any CPU
		{1473C63C-E73E-48BB-A92E-3288C453C805}.Release|Any CPU.ActiveCfg = Release|Any CPU
		{1473C63C-E73E-48BB-A92E-3288C453C805}.Release|Any CPU.Build.0 = Release|Any CPU
		{5C6A5D3F-17D2-4384-95BD-2EE85FF19E1E}.Debug|Any CPU.ActiveCfg = Debug|Any CPU
		{5C6A5D3F-17D2-4384-95BD-2EE85FF19E1E}.Debug|Any CPU.Build.0 = Debug|Any CPU
		{5C6A5D3F-17D2-4384-95BD-2EE85FF19E1E}.Release|Any CPU.ActiveCfg = Release|Any CPU
		{5C6A5D3F-17D2-4384-95BD-2EE85FF19E1E}.Release|Any CPU.Build.0 = Release|Any CPU
		{E59C3A1C-F3EF-4135-81B1-51D059001E02}.Debug|Any CPU.ActiveCfg = Debug|Any CPU
		{E59C3A1C-F3EF-4135-81B1-51D059001E02}.Debug|Any CPU.Build.0 = Debug|Any CPU
		{E59C3A1C-F3EF-4135-81B1-51D059001E02}.Release|Any CPU.ActiveCfg = Release|Any CPU
		{E59C3A1C-F3EF-4135-81B1-51D059001E02}.Release|Any CPU.Build.0 = Release|Any CPU
		{A193975A-322B-4A0F-BC90-BC9ED278F2EA}.Debug|Any CPU.ActiveCfg = Debug|Any CPU
		{A193975A-322B-4A0F-BC90-BC9ED278F2EA}.Debug|Any CPU.Build.0 = Debug|Any CPU
		{A193975A-322B-4A0F-BC90-BC9ED278F2EA}.Release|Any CPU.ActiveCfg = Release|Any CPU
		{A193975A-322B-4A0F-BC90-BC9ED278F2EA}.Release|Any CPU.Build.0 = Release|Any CPU
		{5F61216B-B3DC-4CE4-B6C1-773E72DDF7C0}.Debug|Any CPU.ActiveCfg = Debug|Any CPU
		{5F61216B-B3DC-4CE4-B6C1-773E72DDF7C0}.Debug|Any CPU.Build.0 = Debug|Any CPU
		{5F61216B-B3DC-4CE4-B6C1-773E72DDF7C0}.Release|Any CPU.ActiveCfg = Release|Any CPU
		{5F61216B-B3DC-4CE4-B6C1-773E72DDF7C0}.Release|Any CPU.Build.0 = Release|Any CPU
		{2DD2B170-CBF9-4259-8288-3CD07E9F723F}.Debug|Any CPU.ActiveCfg = Debug|Any CPU
		{2DD2B170-CBF9-4259-8288-3CD07E9F723F}.Debug|Any CPU.Build.0 = Debug|Any CPU
		{2DD2B170-CBF9-4259-8288-3CD07E9F723F}.Release|Any CPU.ActiveCfg = Release|Any CPU
		{2DD2B170-CBF9-4259-8288-3CD07E9F723F}.Release|Any CPU.Build.0 = Release|Any CPU
		{48125457-6D92-444C-A47E-C3E8A3F9058F}.Debug|Any CPU.ActiveCfg = Debug|Any CPU
		{48125457-6D92-444C-A47E-C3E8A3F9058F}.Debug|Any CPU.Build.0 = Debug|Any CPU
		{48125457-6D92-444C-A47E-C3E8A3F9058F}.Release|Any CPU.ActiveCfg = Release|Any CPU
		{48125457-6D92-444C-A47E-C3E8A3F9058F}.Release|Any CPU.Build.0 = Release|Any CPU
		{AA55780C-10FF-43FF-8073-F69A6ED5EDD8}.Debug|Any CPU.ActiveCfg = Debug|Any CPU
		{AA55780C-10FF-43FF-8073-F69A6ED5EDD8}.Debug|Any CPU.Build.0 = Debug|Any CPU
		{AA55780C-10FF-43FF-8073-F69A6ED5EDD8}.Release|Any CPU.ActiveCfg = Release|Any CPU
		{AA55780C-10FF-43FF-8073-F69A6ED5EDD8}.Release|Any CPU.Build.0 = Release|Any CPU
		{DB60EC93-2CE3-4371-83E4-75CCD2898551}.Debug|Any CPU.ActiveCfg = Debug|Any CPU
		{DB60EC93-2CE3-4371-83E4-75CCD2898551}.Debug|Any CPU.Build.0 = Debug|Any CPU
		{DB60EC93-2CE3-4371-83E4-75CCD2898551}.Release|Any CPU.ActiveCfg = Release|Any CPU
		{DB60EC93-2CE3-4371-83E4-75CCD2898551}.Release|Any CPU.Build.0 = Release|Any CPU
		{35DCABD9-F4A2-4B06-9020-3B949FF9CD04}.Debug|Any CPU.ActiveCfg = Debug|Any CPU
		{35DCABD9-F4A2-4B06-9020-3B949FF9CD04}.Debug|Any CPU.Build.0 = Debug|Any CPU
		{35DCABD9-F4A2-4B06-9020-3B949FF9CD04}.Release|Any CPU.ActiveCfg = Release|Any CPU
		{35DCABD9-F4A2-4B06-9020-3B949FF9CD04}.Release|Any CPU.Build.0 = Release|Any CPU
		{E62FD05D-9184-425F-8B7E-B83DBE02AE69}.Debug|Any CPU.ActiveCfg = Debug|Any CPU
		{E62FD05D-9184-425F-8B7E-B83DBE02AE69}.Debug|Any CPU.Build.0 = Debug|Any CPU
		{E62FD05D-9184-425F-8B7E-B83DBE02AE69}.Release|Any CPU.ActiveCfg = Release|Any CPU
		{E62FD05D-9184-425F-8B7E-B83DBE02AE69}.Release|Any CPU.Build.0 = Release|Any CPU
		{71CC9D32-1FD9-46D3-A2C6-FA2CA9FB44E5}.Debug|Any CPU.ActiveCfg = Debug|Any CPU
		{71CC9D32-1FD9-46D3-A2C6-FA2CA9FB44E5}.Debug|Any CPU.Build.0 = Debug|Any CPU
		{71CC9D32-1FD9-46D3-A2C6-FA2CA9FB44E5}.Release|Any CPU.ActiveCfg = Release|Any CPU
		{71CC9D32-1FD9-46D3-A2C6-FA2CA9FB44E5}.Release|Any CPU.Build.0 = Release|Any CPU
		{E80C4811-A11E-443E-97E5-720910161CBC}.Debug|Any CPU.ActiveCfg = Debug|Any CPU
		{E80C4811-A11E-443E-97E5-720910161CBC}.Debug|Any CPU.Build.0 = Debug|Any CPU
		{E80C4811-A11E-443E-97E5-720910161CBC}.Release|Any CPU.ActiveCfg = Release|Any CPU
		{E80C4811-A11E-443E-97E5-720910161CBC}.Release|Any CPU.Build.0 = Release|Any CPU
		{69C675F8-E9E8-4684-A226-6E1E13D26F82}.Debug|Any CPU.ActiveCfg = Debug|Any CPU
		{69C675F8-E9E8-4684-A226-6E1E13D26F82}.Debug|Any CPU.Build.0 = Debug|Any CPU
		{69C675F8-E9E8-4684-A226-6E1E13D26F82}.Release|Any CPU.ActiveCfg = Release|Any CPU
		{69C675F8-E9E8-4684-A226-6E1E13D26F82}.Release|Any CPU.Build.0 = Release|Any CPU
		{77D578C3-5972-49FB-A91F-6B10E6BFC06B}.Debug|Any CPU.ActiveCfg = Debug|Any CPU
		{77D578C3-5972-49FB-A91F-6B10E6BFC06B}.Debug|Any CPU.Build.0 = Debug|Any CPU
		{77D578C3-5972-49FB-A91F-6B10E6BFC06B}.Release|Any CPU.ActiveCfg = Release|Any CPU
		{77D578C3-5972-49FB-A91F-6B10E6BFC06B}.Release|Any CPU.Build.0 = Release|Any CPU
	EndGlobalSection
	GlobalSection(SolutionProperties) = preSolution
		HideSolutionNode = FALSE
	EndGlobalSection
	GlobalSection(ExtensibilityGlobals) = postSolution
		SolutionGuid = {F6489BFF-4720-49BB-84DB-9835CDCB5BE7}
	EndGlobalSection
EndGlobal
