
Microsoft Visual Studio Solution File, Format Version 12.00
# Visual Studio Version 17
VisualStudioVersion = 17.4.33122.133
MinimumVisualStudioVersion = 10.0.40219.1
Project("{9A19103F-16F7-4668-BE54-9A1E7A4F7556}") = "QuestionMark", "QuestionMark\QuestionMark.csproj", "{1473C63C-E73E-48BB-A92E-3288C453C805}"
EndProject
Project("{9A19103F-16F7-4668-BE54-9A1E7A4F7556}") = "SwitchCaseCSharp", "SwitchCaseCSharp\SwitchCaseCSharp.csproj", "{5C6A5D3F-17D2-4384-95BD-2EE85FF19E1E}"
EndProject
Project("{9A19103F-16F7-4668-BE54-9A1E7A4F7556}") = "ForeachWhile", "ForeachWhile\ForeachWhile.csproj", "{E59C3A1C-F3EF-4135-81B1-51D059001E02}"
EndProject
Project("{9A19103F-16F7-4668-BE54-9A1E7A4F7556}") = "RefOut", "RefOut\RefOut.csproj", "{A193975A-322B-4A0F-BC90-BC9ED278F2EA}"
EndProject
Project("{9A19103F-16F7-4668-BE54-9A1E7A4F7556}") = "TestBai", "TestBai\TestBai.csproj", "{5F61216B-B3DC-4CE4-B6C1-773E72DDF7C0}"
EndProject
Project("{9A19103F-16F7-4668-BE54-9A1E7A4F7556}") = "TestBai2", "TestBai2\TestBai2.csproj", "{2DD2B170-CBF9-4259-8288-3CD07E9F723F}"
EndProject
Project("{9A19103F-16F7-4668-BE54-9A1E7A4F7556}") = "Student", "Student\Student.csproj", "{48125457-6D92-444C-A47E-C3E8A3F9058F}"
EndProject
Project("{9A19103F-16F7-4668-BE54-9A1E7A4F7556}") = "RegexTry", "Regex\RegexTry.csproj", "{AA55780C-10FF-43FF-8073-F69A6ED5EDD8}"
EndProject
Project("{9A19103F-16F7-4668-BE54-9A1E7A4F7556}") = "PatialClass", "PatialClass\PatialClass.csproj", "{DB60EC93-2CE3-4371-83E4-75CCD2898551}"
EndProject
Project("{9A19103F-16F7-4668-BE54-9A1E7A4F7556}") = "ArgumentAndParams", "ArgumentAndParams\ArgumentAndParams.csproj", "{35DCABD9-F4A2-4B06-9020-3B949FF9CD04}"
EndProject
Project("{9A19103F-16F7-4668-BE54-9A1E7A4F7556}") = "OOPAbtraction", "OOPAbtraction\OOPAbtraction.csproj", "{E62FD05D-9184-425F-8B7E-B83DBE02AE69}"
EndProject
Project("{9A19103F-16F7-4668-BE54-9A1E7A4F7556}") = "OOPEncapsulation", "OOPEncapsulation\OOPEncapsulation.csproj", "{71CC9D32-1FD9-46D3-A2C6-FA2CA9FB44E5}"
EndProject
Project("{9A19103F-16F7-4668-BE54-9A1E7A4F7556}") = "OOPEncapsulationCont", "OOPEncapsulationCont\OOPEncapsulationCont.csproj", "{E80C4811-A11E-443E-97E5-720910161CBC}"
EndProject
Project("{9A19103F-16F7-4668-BE54-9A1E7A4F7556}") = "Lamlai", "lamlai\Lamlai.csproj", "{69C675F8-E9E8-4684-A226-6E1E13D26F82}"
EndProject
Project("{9A19103F-16F7-4668-BE54-9A1E7A4F7556}") = "OOPEncapsulationProperty", "OOPEncapsulationProperty\OOPEncapsulationProperty.csproj", "{7F19AC3F-09EA-4640-BD8C-B9AA8DA1D618}"
EndProject
Project("{9A19103F-16F7-4668-BE54-9A1E7A4F7556}") = "OOPPolymophismOverLoading", "OOPPolymophismOverLoading\OOPPolymophismOverLoading.csproj", "{DD305460-D4BD-4165-91BC-F0ECE008F123}"
EndProject
Project("{9A19103F-16F7-4668-BE54-9A1E7A4F7556}") = "OOPPolymorphismOverride", "OOPPolymorphismOverride\OOPPolymorphismOverride.csproj", "{22ECA7EC-B5A6-4B8C-9929-B8DC57DADA82}"
EndProject
Project("{9A19103F-16F7-4668-BE54-9A1E7A4F7556}") = "OOPPolymorphismInterface", "OOPPolymorphismInterface\OOPPolymorphismInterface.csproj", "{A01D4AD3-B42A-4424-84BC-DEE90BF186C8}"
EndProject
Project("{9A19103F-16F7-4668-BE54-9A1E7A4F7556}") = "AppGro", "AppGro\AppGro.csproj", "{B7DDCC01-5EC4-40E2-A5CA-ECB67972EE66}"
EndProject
Project("{9A19103F-16F7-4668-BE54-9A1E7A4F7556}") = "ExtentionMethod", "21_12_2022\ExtentionMethod.csproj", "{BB0D7B5E-1B7F-4F68-B39C-B7AD7EE533AD}"
EndProject
Project("{9A19103F-16F7-4668-BE54-9A1E7A4F7556}") = "ListAndLINQ", "ListAndLINQ\ListAndLINQ.csproj", "{A7812FE9-7DE4-44F3-8E0C-B0F88BF7851B}"
EndProject
Project("{9A19103F-16F7-4668-BE54-9A1E7A4F7556}") = "PhamPhucLoi_C2109I1", "PhamPhucLoi_C2109I1\PhamPhucLoi_C2109I1.csproj", "{27C1F7AC-500C-49FD-A20A-2BB3D26A548F}"
EndProject
Project("{9A19103F-16F7-4668-BE54-9A1E7A4F7556}") = "GenericClass", "GenericClass\GenericClass.csproj", "{122BB929-265B-40A1-9FE7-E09751F90EC2}"
EndProject
Project("{9A19103F-16F7-4668-BE54-9A1E7A4F7556}") = "Delegate", "Delegate\Delegate.csproj", "{23F5A564-E39E-4D23-BB6D-893B1FDD234A}"
EndProject
Project("{9A19103F-16F7-4668-BE54-9A1E7A4F7556}") = "String", "String\String.csproj", "{7E84581F-2874-4893-B3CB-B54D14299C27}"
EndProject
Project("{9A19103F-16F7-4668-BE54-9A1E7A4F7556}") = "Practices", "Practices\Practices.csproj", "{A3F57838-5D73-46C7-B5A0-9383BEB353A0}"
EndProject
Project("{FAE04EC0-301F-11D3-BF4B-00C04F79EFBC}") = "Excerise", "Excerise\Excerise.csproj", "{7B17405E-8742-489C-AC3E-C994A3E9BA3A}"
EndProject
Project("{FAE04EC0-301F-11D3-BF4B-00C04F79EFBC}") = "Entity", "Entity\Entity.csproj", "{BD610BF8-2FF0-4F74-B574-A76C92437D65}"
EndProject
Global
	GlobalSection(SolutionConfigurationPlatforms) = preSolution
		Debug|Any CPU = Debug|Any CPU
		Release|Any CPU = Release|Any CPU
	EndGlobalSection
	GlobalSection(ProjectConfigurationPlatforms) = postSolution
		{1473C63C-E73E-48BB-A92E-3288C453C805}.Debug|Any CPU.ActiveCfg = Debug|Any CPU
		{1473C63C-E73E-48BB-A92E-3288C453C805}.Debug|Any CPU.Build.0 = Debug|Any CPU
		{1473C63C-E73E-48BB-A92E-3288C453C805}.Release|Any CPU.ActiveCfg = Release|Any CPU
		{1473C63C-E73E-48BB-A92E-3288C453C805}.Release|Any CPU.Build.0 = Release|Any CPU
		{5C6A5D3F-17D2-4384-95BD-2EE85FF19E1E}.Debug|Any CPU.ActiveCfg = Debug|Any CPU
		{5C6A5D3F-17D2-4384-95BD-2EE85FF19E1E}.Debug|Any CPU.Build.0 = Debug|Any CPU
		{5C6A5D3F-17D2-4384-95BD-2EE85FF19E1E}.Release|Any CPU.ActiveCfg = Release|Any CPU
		{5C6A5D3F-17D2-4384-95BD-2EE85FF19E1E}.Release|Any CPU.Build.0 = Release|Any CPU
		{E59C3A1C-F3EF-4135-81B1-51D059001E02}.Debug|Any CPU.ActiveCfg = Debug|Any CPU
		{E59C3A1C-F3EF-4135-81B1-51D059001E02}.Debug|Any CPU.Build.0 = Debug|Any CPU
		{E59C3A1C-F3EF-4135-81B1-51D059001E02}.Release|Any CPU.ActiveCfg = Release|Any CPU
		{E59C3A1C-F3EF-4135-81B1-51D059001E02}.Release|Any CPU.Build.0 = Release|Any CPU
		{A193975A-322B-4A0F-BC90-BC9ED278F2EA}.Debug|Any CPU.ActiveCfg = Debug|Any CPU
		{A193975A-322B-4A0F-BC90-BC9ED278F2EA}.Debug|Any CPU.Build.0 = Debug|Any CPU
		{A193975A-322B-4A0F-BC90-BC9ED278F2EA}.Release|Any CPU.ActiveCfg = Release|Any CPU
		{A193975A-322B-4A0F-BC90-BC9ED278F2EA}.Release|Any CPU.Build.0 = Release|Any CPU
		{5F61216B-B3DC-4CE4-B6C1-773E72DDF7C0}.Debug|Any CPU.ActiveCfg = Debug|Any CPU
		{5F61216B-B3DC-4CE4-B6C1-773E72DDF7C0}.Debug|Any CPU.Build.0 = Debug|Any CPU
		{5F61216B-B3DC-4CE4-B6C1-773E72DDF7C0}.Release|Any CPU.ActiveCfg = Release|Any CPU
		{5F61216B-B3DC-4CE4-B6C1-773E72DDF7C0}.Release|Any CPU.Build.0 = Release|Any CPU
		{2DD2B170-CBF9-4259-8288-3CD07E9F723F}.Debug|Any CPU.ActiveCfg = Debug|Any CPU
		{2DD2B170-CBF9-4259-8288-3CD07E9F723F}.Debug|Any CPU.Build.0 = Debug|Any CPU
		{2DD2B170-CBF9-4259-8288-3CD07E9F723F}.Release|Any CPU.ActiveCfg = Release|Any CPU
		{2DD2B170-CBF9-4259-8288-3CD07E9F723F}.Release|Any CPU.Build.0 = Release|Any CPU
		{48125457-6D92-444C-A47E-C3E8A3F9058F}.Debug|Any CPU.ActiveCfg = Debug|Any CPU
		{48125457-6D92-444C-A47E-C3E8A3F9058F}.Debug|Any CPU.Build.0 = Debug|Any CPU
		{48125457-6D92-444C-A47E-C3E8A3F9058F}.Release|Any CPU.ActiveCfg = Release|Any CPU
		{48125457-6D92-444C-A47E-C3E8A3F9058F}.Release|Any CPU.Build.0 = Release|Any CPU
		{AA55780C-10FF-43FF-8073-F69A6ED5EDD8}.Debug|Any CPU.ActiveCfg = Debug|Any CPU
		{AA55780C-10FF-43FF-8073-F69A6ED5EDD8}.Debug|Any CPU.Build.0 = Debug|Any CPU
		{AA55780C-10FF-43FF-8073-F69A6ED5EDD8}.Release|Any CPU.ActiveCfg = Release|Any CPU
		{AA55780C-10FF-43FF-8073-F69A6ED5EDD8}.Release|Any CPU.Build.0 = Release|Any CPU
		{DB60EC93-2CE3-4371-83E4-75CCD2898551}.Debug|Any CPU.ActiveCfg = Debug|Any CPU
		{DB60EC93-2CE3-4371-83E4-75CCD2898551}.Debug|Any CPU.Build.0 = Debug|Any CPU
		{DB60EC93-2CE3-4371-83E4-75CCD2898551}.Release|Any CPU.ActiveCfg = Release|Any CPU
		{DB60EC93-2CE3-4371-83E4-75CCD2898551}.Release|Any CPU.Build.0 = Release|Any CPU
		{35DCABD9-F4A2-4B06-9020-3B949FF9CD04}.Debug|Any CPU.ActiveCfg = Debug|Any CPU
		{35DCABD9-F4A2-4B06-9020-3B949FF9CD04}.Debug|Any CPU.Build.0 = Debug|Any CPU
		{35DCABD9-F4A2-4B06-9020-3B949FF9CD04}.Release|Any CPU.ActiveCfg = Release|Any CPU
		{35DCABD9-F4A2-4B06-9020-3B949FF9CD04}.Release|Any CPU.Build.0 = Release|Any CPU
		{E62FD05D-9184-425F-8B7E-B83DBE02AE69}.Debug|Any CPU.ActiveCfg = Debug|Any CPU
		{E62FD05D-9184-425F-8B7E-B83DBE02AE69}.Debug|Any CPU.Build.0 = Debug|Any CPU
		{E62FD05D-9184-425F-8B7E-B83DBE02AE69}.Release|Any CPU.ActiveCfg = Release|Any CPU
		{E62FD05D-9184-425F-8B7E-B83DBE02AE69}.Release|Any CPU.Build.0 = Release|Any CPU
		{71CC9D32-1FD9-46D3-A2C6-FA2CA9FB44E5}.Debug|Any CPU.ActiveCfg = Debug|Any CPU
		{71CC9D32-1FD9-46D3-A2C6-FA2CA9FB44E5}.Debug|Any CPU.Build.0 = Debug|Any CPU
		{71CC9D32-1FD9-46D3-A2C6-FA2CA9FB44E5}.Release|Any CPU.ActiveCfg = Release|Any CPU
		{71CC9D32-1FD9-46D3-A2C6-FA2CA9FB44E5}.Release|Any CPU.Build.0 = Release|Any CPU
		{E80C4811-A11E-443E-97E5-720910161CBC}.Debug|Any CPU.ActiveCfg = Debug|Any CPU
		{E80C4811-A11E-443E-97E5-720910161CBC}.Debug|Any CPU.Build.0 = Debug|Any CPU
		{E80C4811-A11E-443E-97E5-720910161CBC}.Release|Any CPU.ActiveCfg = Release|Any CPU
		{E80C4811-A11E-443E-97E5-720910161CBC}.Release|Any CPU.Build.0 = Release|Any CPU
		{69C675F8-E9E8-4684-A226-6E1E13D26F82}.Debug|Any CPU.ActiveCfg = Debug|Any CPU
		{69C675F8-E9E8-4684-A226-6E1E13D26F82}.Debug|Any CPU.Build.0 = Debug|Any CPU
		{69C675F8-E9E8-4684-A226-6E1E13D26F82}.Release|Any CPU.ActiveCfg = Release|Any CPU
		{69C675F8-E9E8-4684-A226-6E1E13D26F82}.Release|Any CPU.Build.0 = Release|Any CPU
		{7F19AC3F-09EA-4640-BD8C-B9AA8DA1D618}.Debug|Any CPU.ActiveCfg = Debug|Any CPU
		{7F19AC3F-09EA-4640-BD8C-B9AA8DA1D618}.Debug|Any CPU.Build.0 = Debug|Any CPU
		{7F19AC3F-09EA-4640-BD8C-B9AA8DA1D618}.Release|Any CPU.ActiveCfg = Release|Any CPU
		{7F19AC3F-09EA-4640-BD8C-B9AA8DA1D618}.Release|Any CPU.Build.0 = Release|Any CPU
		{DD305460-D4BD-4165-91BC-F0ECE008F123}.Debug|Any CPU.ActiveCfg = Debug|Any CPU
		{DD305460-D4BD-4165-91BC-F0ECE008F123}.Debug|Any CPU.Build.0 = Debug|Any CPU
		{DD305460-D4BD-4165-91BC-F0ECE008F123}.Release|Any CPU.ActiveCfg = Release|Any CPU
		{DD305460-D4BD-4165-91BC-F0ECE008F123}.Release|Any CPU.Build.0 = Release|Any CPU
		{22ECA7EC-B5A6-4B8C-9929-B8DC57DADA82}.Debug|Any CPU.ActiveCfg = Debug|Any CPU
		{22ECA7EC-B5A6-4B8C-9929-B8DC57DADA82}.Debug|Any CPU.Build.0 = Debug|Any CPU
		{22ECA7EC-B5A6-4B8C-9929-B8DC57DADA82}.Release|Any CPU.ActiveCfg = Release|Any CPU
		{22ECA7EC-B5A6-4B8C-9929-B8DC57DADA82}.Release|Any CPU.Build.0 = Release|Any CPU
		{A01D4AD3-B42A-4424-84BC-DEE90BF186C8}.Debug|Any CPU.ActiveCfg = Debug|Any CPU
		{A01D4AD3-B42A-4424-84BC-DEE90BF186C8}.Debug|Any CPU.Build.0 = Debug|Any CPU
		{A01D4AD3-B42A-4424-84BC-DEE90BF186C8}.Release|Any CPU.ActiveCfg = Release|Any CPU
		{A01D4AD3-B42A-4424-84BC-DEE90BF186C8}.Release|Any CPU.Build.0 = Release|Any CPU
		{B7DDCC01-5EC4-40E2-A5CA-ECB67972EE66}.Debug|Any CPU.ActiveCfg = Debug|Any CPU
		{B7DDCC01-5EC4-40E2-A5CA-ECB67972EE66}.Debug|Any CPU.Build.0 = Debug|Any CPU
		{B7DDCC01-5EC4-40E2-A5CA-ECB67972EE66}.Release|Any CPU.ActiveCfg = Release|Any CPU
		{B7DDCC01-5EC4-40E2-A5CA-ECB67972EE66}.Release|Any CPU.Build.0 = Release|Any CPU
		{BB0D7B5E-1B7F-4F68-B39C-B7AD7EE533AD}.Debug|Any CPU.ActiveCfg = Debug|Any CPU
		{BB0D7B5E-1B7F-4F68-B39C-B7AD7EE533AD}.Debug|Any CPU.Build.0 = Debug|Any CPU
		{BB0D7B5E-1B7F-4F68-B39C-B7AD7EE533AD}.Release|Any CPU.ActiveCfg = Release|Any CPU
		{BB0D7B5E-1B7F-4F68-B39C-B7AD7EE533AD}.Release|Any CPU.Build.0 = Release|Any CPU
		{A7812FE9-7DE4-44F3-8E0C-B0F88BF7851B}.Debug|Any CPU.ActiveCfg = Debug|Any CPU
		{A7812FE9-7DE4-44F3-8E0C-B0F88BF7851B}.Debug|Any CPU.Build.0 = Debug|Any CPU
		{A7812FE9-7DE4-44F3-8E0C-B0F88BF7851B}.Release|Any CPU.ActiveCfg = Release|Any CPU
		{A7812FE9-7DE4-44F3-8E0C-B0F88BF7851B}.Release|Any CPU.Build.0 = Release|Any CPU
		{27C1F7AC-500C-49FD-A20A-2BB3D26A548F}.Debug|Any CPU.ActiveCfg = Debug|Any CPU
		{27C1F7AC-500C-49FD-A20A-2BB3D26A548F}.Debug|Any CPU.Build.0 = Debug|Any CPU
		{27C1F7AC-500C-49FD-A20A-2BB3D26A548F}.Release|Any CPU.ActiveCfg = Release|Any CPU
		{27C1F7AC-500C-49FD-A20A-2BB3D26A548F}.Release|Any CPU.Build.0 = Release|Any CPU
		{122BB929-265B-40A1-9FE7-E09751F90EC2}.Debug|Any CPU.ActiveCfg = Debug|Any CPU
		{122BB929-265B-40A1-9FE7-E09751F90EC2}.Debug|Any CPU.Build.0 = Debug|Any CPU
		{122BB929-265B-40A1-9FE7-E09751F90EC2}.Release|Any CPU.ActiveCfg = Release|Any CPU
		{122BB929-265B-40A1-9FE7-E09751F90EC2}.Release|Any CPU.Build.0 = Release|Any CPU
		{23F5A564-E39E-4D23-BB6D-893B1FDD234A}.Debug|Any CPU.ActiveCfg = Debug|Any CPU
		{23F5A564-E39E-4D23-BB6D-893B1FDD234A}.Debug|Any CPU.Build.0 = Debug|Any CPU
		{23F5A564-E39E-4D23-BB6D-893B1FDD234A}.Release|Any CPU.ActiveCfg = Release|Any CPU
		{23F5A564-E39E-4D23-BB6D-893B1FDD234A}.Release|Any CPU.Build.0 = Release|Any CPU
		{7E84581F-2874-4893-B3CB-B54D14299C27}.Debug|Any CPU.ActiveCfg = Debug|Any CPU
		{7E84581F-2874-4893-B3CB-B54D14299C27}.Debug|Any CPU.Build.0 = Debug|Any CPU
		{7E84581F-2874-4893-B3CB-B54D14299C27}.Release|Any CPU.ActiveCfg = Release|Any CPU
		{7E84581F-2874-4893-B3CB-B54D14299C27}.Release|Any CPU.Build.0 = Release|Any CPU
		{A3F57838-5D73-46C7-B5A0-9383BEB353A0}.Debug|Any CPU.ActiveCfg = Debug|Any CPU
		{A3F57838-5D73-46C7-B5A0-9383BEB353A0}.Debug|Any CPU.Build.0 = Debug|Any CPU
		{A3F57838-5D73-46C7-B5A0-9383BEB353A0}.Release|Any CPU.ActiveCfg = Release|Any CPU
		{A3F57838-5D73-46C7-B5A0-9383BEB353A0}.Release|Any CPU.Build.0 = Release|Any CPU
		{7B17405E-8742-489C-AC3E-C994A3E9BA3A}.Debug|Any CPU.ActiveCfg = Debug|Any CPU
		{7B17405E-8742-489C-AC3E-C994A3E9BA3A}.Debug|Any CPU.Build.0 = Debug|Any CPU
		{7B17405E-8742-489C-AC3E-C994A3E9BA3A}.Release|Any CPU.ActiveCfg = Release|Any CPU
		{7B17405E-8742-489C-AC3E-C994A3E9BA3A}.Release|Any CPU.Build.0 = Release|Any CPU
		{BD610BF8-2FF0-4F74-B574-A76C92437D65}.Debug|Any CPU.ActiveCfg = Debug|Any CPU
		{BD610BF8-2FF0-4F74-B574-A76C92437D65}.Debug|Any CPU.Build.0 = Debug|Any CPU
		{BD610BF8-2FF0-4F74-B574-A76C92437D65}.Release|Any CPU.ActiveCfg = Release|Any CPU
		{BD610BF8-2FF0-4F74-B574-A76C92437D65}.Release|Any CPU.Build.0 = Release|Any CPU
	EndGlobalSection
	GlobalSection(SolutionProperties) = preSolution
		HideSolutionNode = FALSE
	EndGlobalSection
	GlobalSection(ExtensibilityGlobals) = postSolution
		SolutionGuid = {F6489BFF-4720-49BB-84DB-9835CDCB5BE7}
	EndGlobalSection
EndGlobal
