
Microsoft Visual Studio Solution File, Format Version 12.00
# Visual Studio Version 17
VisualStudioVersion = 17.4.33205.214
MinimumVisualStudioVersion = 10.0.40219.1
Project("{9A19103F-16F7-4668-BE54-9A1E7A4F7556}") = "DemoSesstion1_MVC", "DemoSesstion1_MVC\DemoSesstion1_MVC.csproj", "{7D595D42-59E8-4F6E-AC1D-1AAD562FFF04}"
EndProject
Project("{FAE04EC0-301F-11D3-BF4B-00C04F79EFBC}") = "Practice", "Practice\Practice.csproj", "{847728B6-0F0F-4F76-987B-FDC151F6E92D}"
EndProject
Global
	GlobalSection(SolutionConfigurationPlatforms) = preSolution
		Debug|Any CPU = Debug|Any CPU
		Release|Any CPU = Release|Any CPU
	EndGlobalSection
	GlobalSection(ProjectConfigurationPlatforms) = postSolution
		{7D595D42-59E8-4F6E-AC1D-1AAD562FFF04}.Debug|Any CPU.ActiveCfg = Debug|Any CPU
		{7D595D42-59E8-4F6E-AC1D-1AAD562FFF04}.Debug|Any CPU.Build.0 = Debug|Any CPU
		{7D595D42-59E8-4F6E-AC1D-1AAD562FFF04}.Release|Any CPU.ActiveCfg = Release|Any CPU
		{7D595D42-59E8-4F6E-AC1D-1AAD562FFF04}.Release|Any CPU.Build.0 = Release|Any CPU
		{847728B6-0F0F-4F76-987B-FDC151F6E92D}.Debug|Any CPU.ActiveCfg = Debug|Any CPU
		{847728B6-0F0F-4F76-987B-FDC151F6E92D}.Debug|Any CPU.Build.0 = Debug|Any CPU
		{847728B6-0F0F-4F76-987B-FDC151F6E92D}.Release|Any CPU.ActiveCfg = Release|Any CPU
		{847728B6-0F0F-4F76-987B-FDC151F6E92D}.Release|Any CPU.Build.0 = Release|Any CPU
	EndGlobalSection
	GlobalSection(SolutionProperties) = preSolution
		HideSolutionNode = FALSE
	EndGlobalSection
	GlobalSection(ExtensibilityGlobals) = postSolution
		SolutionGuid = {2861F895-D201-497D-9685-DC09808B0940}
	EndGlobalSection
EndGlobal
