
Microsoft Visual Studio Solution File, Format Version 12.00
# Visual Studio Version 17
VisualStudioVersion = 17.4.33205.214
MinimumVisualStudioVersion = 10.0.40219.1
Project("{FAE04EC0-301F-11D3-BF4B-00C04F79EFBC}") = "DemoSession2_MVC", "DemoSession2_MVC\DemoSession2_MVC.csproj", "{54D27B7C-FAF7-4CFC-8739-D222783CE70F}"
EndProject
Global
	GlobalSection(SolutionConfigurationPlatforms) = preSolution
		Debug|Any CPU = Debug|Any CPU
		Release|Any CPU = Release|Any CPU
	EndGlobalSection
	GlobalSection(ProjectConfigurationPlatforms) = postSolution
		{54D27B7C-FAF7-4CFC-8739-D222783CE70F}.Debug|Any CPU.ActiveCfg = Debug|Any CPU
		{54D27B7C-FAF7-4CFC-8739-D222783CE70F}.Debug|Any CPU.Build.0 = Debug|Any CPU
		{54D27B7C-FAF7-4CFC-8739-D222783CE70F}.Release|Any CPU.ActiveCfg = Release|Any CPU
		{54D27B7C-FAF7-4CFC-8739-D222783CE70F}.Release|Any CPU.Build.0 = Release|Any CPU
	EndGlobalSection
	GlobalSection(SolutionProperties) = preSolution
		HideSolutionNode = FALSE
	EndGlobalSection
	GlobalSection(ExtensibilityGlobals) = postSolution
		SolutionGuid = {8BDDCC66-8316-420F-BF47-6EE01903B17A}
	EndGlobalSection
EndGlobal
